
Microsoft Visual Studio Solution File, Format Version 12.00
# Visual Studio Version 16
VisualStudioVersion = 16.0.29209.62
MinimumVisualStudioVersion = 10.0.40219.1
Project("{FAE04EC0-301F-11D3-BF4B-00C04F79EFBC}") = "WPFNetfluxProj", "WPFNetfluxProj.csproj", "{9BD0E142-F634-41BA-9281-E6AD858CF693}"
EndProject
Global
	GlobalSection(SolutionConfigurationPlatforms) = preSolution
		Debug|Any CPU = Debug|Any CPU
		Debug|x86 = Debug|x86
		Release|Any CPU = Release|Any CPU
		Release|x86 = Release|x86
	EndGlobalSection
	GlobalSection(ProjectConfigurationPlatforms) = postSolution
		{9BD0E142-F634-41BA-9281-E6AD858CF693}.Debug|Any CPU.ActiveCfg = Debug|Any CPU
		{9BD0E142-F634-41BA-9281-E6AD858CF693}.Debug|Any CPU.Build.0 = Debug|Any CPU
		{9BD0E142-F634-41BA-9281-E6AD858CF693}.Debug|x86.ActiveCfg = Debug|x86
		{9BD0E142-F634-41BA-9281-E6AD858CF693}.Debug|x86.Build.0 = Debug|x86
		{9BD0E142-F634-41BA-9281-E6AD858CF693}.Release|Any CPU.ActiveCfg = Release|Any CPU
		{9BD0E142-F634-41BA-9281-E6AD858CF693}.Release|Any CPU.Build.0 = Release|Any CPU
		{9BD0E142-F634-41BA-9281-E6AD858CF693}.Release|x86.ActiveCfg = Release|x86
		{9BD0E142-F634-41BA-9281-E6AD858CF693}.Release|x86.Build.0 = Release|x86
	EndGlobalSection
	GlobalSection(SolutionProperties) = preSolution
		HideSolutionNode = FALSE
	EndGlobalSection
	GlobalSection(ExtensibilityGlobals) = postSolution
		SolutionGuid = {4E4BF7A1-3D66-4DEF-9527-A5E34CAAAD16}
	EndGlobalSection
EndGlobal
